<?xml version="1.0" encoding="utf-8"?>
<Project ToolsVersion="4.0" xmlns="http://schemas.microsoft.com/developer/msbuild/2003">
  <ItemGroup>
    <ClCompile Include="..\..\..\src\main.cpp" />
    <ClCompile Include="..\..\..\src\model.cpp" />
    <ClCompile Include="..\..\..\src\render.cpp" />
    <ClCompile Include="..\..\..\src\tgaimage.cpp" />
    <ClCompile Include="..\..\..\src\message.cpp" />
    <ClCompile Include="..\..\..\src\skybox.cpp" />
    <ClCompile Include="..\..\..\src\utilityshape.cpp" />
    <ClCompile Include="..\..\..\src\renderobj.cpp" />
  </ItemGroup>
  <ItemGroup>
    <ClInclude Include="..\..\..\src\model.h" />
    <ClInclude Include="..\..\..\src\render.h" />
    <ClInclude Include="..\..\..\src\common.h" />
    <ClInclude Include="..\..\..\src\tgaimage.h" />
    <ClInclude Include="..\..\..\src\message.h" />
    <ClInclude Include="..\..\..\src\skybox.h" />
    <ClInclude Include="..\..\..\src\utilityshape.h" />
    <ClInclude Include="..\..\..\src\renderobj.h" />
  </ItemGroup>
</Project>