
Microsoft Visual Studio Solution File, Format Version 12.00
# Visual Studio 15
VisualStudioVersion = 15.0.28010.2019
MinimumVisualStudioVersion = 10.0.40219.1
Project("{8BC9CEB8-8B4A-11D0-8D11-00A0C91BC942}") = "TapCore", "TapCore\TapCore.vcxproj", "{DCD72520-2967-4BB8-BBD1-48DE5048CBA2}"
EndProject
Project("{8BC9CEB8-8B4A-11D0-8D11-00A0C91BC942}") = "TapSample", "..\TapSample\TapSample\TapSample.vcxproj", "{3A596874-5155-4891-A8DE-0B365A8B1CBB}"
	ProjectSection(ProjectDependencies) = postProject
		{DCD72520-2967-4BB8-BBD1-48DE5048CBA2} = {DCD72520-2967-4BB8-BBD1-48DE5048CBA2}
	EndProjectSection
EndProject
Project("{8BC9CEB8-8B4A-11D0-8D11-00A0C91BC942}") = "MyApplication", "..\..\..\demo\magnum-bootstrap-base\build\src\MyApplication.vcxproj", "{26CE9384-B333-35B3-85E5-505798EDA7CA}"
	ProjectSection(ProjectDependencies) = postProject
		{DCD72520-2967-4BB8-BBD1-48DE5048CBA2} = {DCD72520-2967-4BB8-BBD1-48DE5048CBA2}
	EndProjectSection
EndProject
Global
	GlobalSection(SolutionConfigurationPlatforms) = preSolution
		Debug|x64 = Debug|x64
		Debug|x86 = Debug|x86
		MinSizeRel|x64 = MinSizeRel|x64
		MinSizeRel|x86 = MinSizeRel|x86
		Release|x64 = Release|x64
		Release|x86 = Release|x86
		RelWithDebInfo|x64 = RelWithDebInfo|x64
		RelWithDebInfo|x86 = RelWithDebInfo|x86
	EndGlobalSection
	GlobalSection(ProjectConfigurationPlatforms) = postSolution
		{DCD72520-2967-4BB8-BBD1-48DE5048CBA2}.Debug|x64.ActiveCfg = Debug|x64
		{DCD72520-2967-4BB8-BBD1-48DE5048CBA2}.Debug|x64.Build.0 = Debug|x64
		{DCD72520-2967-4BB8-BBD1-48DE5048CBA2}.Debug|x86.ActiveCfg = Debug|Win32
		{DCD72520-2967-4BB8-BBD1-48DE5048CBA2}.Debug|x86.Build.0 = Debug|Win32
		{DCD72520-2967-4BB8-BBD1-48DE5048CBA2}.MinSizeRel|x64.ActiveCfg = Release|x64
		{DCD72520-2967-4BB8-BBD1-48DE5048CBA2}.MinSizeRel|x64.Build.0 = Release|x64
		{DCD72520-2967-4BB8-BBD1-48DE5048CBA2}.MinSizeRel|x86.ActiveCfg = Release|Win32
		{DCD72520-2967-4BB8-BBD1-48DE5048CBA2}.MinSizeRel|x86.Build.0 = Release|Win32
		{DCD72520-2967-4BB8-BBD1-48DE5048CBA2}.Release|x64.ActiveCfg = Release|x64
		{DCD72520-2967-4BB8-BBD1-48DE5048CBA2}.Release|x64.Build.0 = Release|x64
		{DCD72520-2967-4BB8-BBD1-48DE5048CBA2}.Release|x86.ActiveCfg = Release|Win32
		{DCD72520-2967-4BB8-BBD1-48DE5048CBA2}.Release|x86.Build.0 = Release|Win32
		{DCD72520-2967-4BB8-BBD1-48DE5048CBA2}.RelWithDebInfo|x64.ActiveCfg = Release|x64
		{DCD72520-2967-4BB8-BBD1-48DE5048CBA2}.RelWithDebInfo|x64.Build.0 = Release|x64
		{DCD72520-2967-4BB8-BBD1-48DE5048CBA2}.RelWithDebInfo|x86.ActiveCfg = Release|Win32
		{DCD72520-2967-4BB8-BBD1-48DE5048CBA2}.RelWithDebInfo|x86.Build.0 = Release|Win32
		{3A596874-5155-4891-A8DE-0B365A8B1CBB}.Debug|x64.ActiveCfg = Debug|x64
		{3A596874-5155-4891-A8DE-0B365A8B1CBB}.Debug|x64.Build.0 = Debug|x64
		{3A596874-5155-4891-A8DE-0B365A8B1CBB}.Debug|x86.ActiveCfg = Debug|Win32
		{3A596874-5155-4891-A8DE-0B365A8B1CBB}.Debug|x86.Build.0 = Debug|Win32
		{3A596874-5155-4891-A8DE-0B365A8B1CBB}.MinSizeRel|x64.ActiveCfg = Release|x64
		{3A596874-5155-4891-A8DE-0B365A8B1CBB}.MinSizeRel|x64.Build.0 = Release|x64
		{3A596874-5155-4891-A8DE-0B365A8B1CBB}.MinSizeRel|x86.ActiveCfg = Release|Win32
		{3A596874-5155-4891-A8DE-0B365A8B1CBB}.MinSizeRel|x86.Build.0 = Release|Win32
		{3A596874-5155-4891-A8DE-0B365A8B1CBB}.Release|x64.ActiveCfg = Release|x64
		{3A596874-5155-4891-A8DE-0B365A8B1CBB}.Release|x64.Build.0 = Release|x64
		{3A596874-5155-4891-A8DE-0B365A8B1CBB}.Release|x86.ActiveCfg = Release|Win32
		{3A596874-5155-4891-A8DE-0B365A8B1CBB}.Release|x86.Build.0 = Release|Win32
		{3A596874-5155-4891-A8DE-0B365A8B1CBB}.RelWithDebInfo|x64.ActiveCfg = Release|x64
		{3A596874-5155-4891-A8DE-0B365A8B1CBB}.RelWithDebInfo|x64.Build.0 = Release|x64
		{3A596874-5155-4891-A8DE-0B365A8B1CBB}.RelWithDebInfo|x86.ActiveCfg = Release|Win32
		{3A596874-5155-4891-A8DE-0B365A8B1CBB}.RelWithDebInfo|x86.Build.0 = Release|Win32
		{26CE9384-B333-35B3-85E5-505798EDA7CA}.Debug|x64.ActiveCfg = Debug|Win32
		{26CE9384-B333-35B3-85E5-505798EDA7CA}.Debug|x86.ActiveCfg = Debug|Win32
		{26CE9384-B333-35B3-85E5-505798EDA7CA}.Debug|x86.Build.0 = Debug|Win32
		{26CE9384-B333-35B3-85E5-505798EDA7CA}.MinSizeRel|x64.ActiveCfg = MinSizeRel|Win32
		{26CE9384-B333-35B3-85E5-505798EDA7CA}.MinSizeRel|x86.ActiveCfg = MinSizeRel|Win32
		{26CE9384-B333-35B3-85E5-505798EDA7CA}.MinSizeRel|x86.Build.0 = MinSizeRel|Win32
		{26CE9384-B333-35B3-85E5-505798EDA7CA}.Release|x64.ActiveCfg = Release|Win32
		{26CE9384-B333-35B3-85E5-505798EDA7CA}.Release|x86.ActiveCfg = Release|Win32
		{26CE9384-B333-35B3-85E5-505798EDA7CA}.Release|x86.Build.0 = Release|Win32
		{26CE9384-B333-35B3-85E5-505798EDA7CA}.RelWithDebInfo|x64.ActiveCfg = RelWithDebInfo|Win32
		{26CE9384-B333-35B3-85E5-505798EDA7CA}.RelWithDebInfo|x86.ActiveCfg = RelWithDebInfo|Win32
		{26CE9384-B333-35B3-85E5-505798EDA7CA}.RelWithDebInfo|x86.Build.0 = RelWithDebInfo|Win32
	EndGlobalSection
	GlobalSection(SolutionProperties) = preSolution
		HideSolutionNode = FALSE
	EndGlobalSection
	GlobalSection(ExtensibilityGlobals) = postSolution
		SolutionGuid = {0E41BDFE-647E-4756-A6A7-79CE9755A009}
	EndGlobalSection
EndGlobal
