// !$*UTF8*$!
{
	archiveVersion = 1;
	classes = {
	};
	objectVersion = 50;
	objects = {

/* Begin PBXBuildFile section */
		BD2EF07721CF3B4F00AC9510 /* main.cpp in Sources */ = {isa = PBXBuildFile; fileRef = BD2EF07621CF3B4F00AC9510 /* main.cpp */; };
		BD2EF08021CF6B2100AC9510 /* libCorradeUtility-d.dylib in Frameworks */ = {isa = PBXBuildFile; fileRef = BD2EF07F21CF6B2100AC9510 /* libCorradeUtility-d.dylib */; };
		BD2EF08221CF6B4C00AC9510 /* libMagnum-d.dylib in Frameworks */ = {isa = PBXBuildFile; fileRef = BD2EF08121CF6B4C00AC9510 /* libMagnum-d.dylib */; };
		BD2EF08421CF6B5F00AC9510 /* libMagnumGL-d.dylib in Frameworks */ = {isa = PBXBuildFile; fileRef = BD2EF08321CF6B5F00AC9510 /* libMagnumGL-d.dylib */; };
		BD2EF08621CF6BB500AC9510 /* libMagnumSdl2Application-d.a in Frameworks */ = {isa = PBXBuildFile; fileRef = BD2EF08521CF6BB500AC9510 /* libMagnumSdl2Application-d.a */; };
/* End PBXBuildFile section */

/* Begin PBXCopyFilesBuildPhase section */
		BD2EF03621CF3A5000AC9510 /* CopyFiles */ = {
			isa = PBXCopyFilesBuildPhase;
			buildActionMask = 2147483647;
			dstPath = /usr/share/man/man1/;
			dstSubfolderSpec = 0;
			files = (
			);
			runOnlyForDeploymentPostprocessing = 1;
		};
/* End PBXCopyFilesBuildPhase section */

/* Begin PBXFileReference section */
		BD2EF03821CF3A5000AC9510 /* TapSample */ = {isa = PBXFileReference; explicitFileType = "compiled.mach-o.executable"; includeInIndex = 0; path = TapSample; sourceTree = BUILT_PRODUCTS_DIR; };
		BD2EF07621CF3B4F00AC9510 /* main.cpp */ = {isa = PBXFileReference; fileEncoding = 4; lastKnownFileType = sourcecode.cpp.cpp; name = main.cpp; path = ../../../src/TapSample/main.cpp; sourceTree = "<group>"; };
		BD2EF07F21CF6B2100AC9510 /* libCorradeUtility-d.dylib */ = {isa = PBXFileReference; lastKnownFileType = "compiled.mach-o.dylib"; name = "libCorradeUtility-d.dylib"; path = "../../../thirdparty/corrade/src/Corrade/Utility/Debug/libCorradeUtility-d.dylib"; sourceTree = "<group>"; };
		BD2EF08121CF6B4C00AC9510 /* libMagnum-d.dylib */ = {isa = PBXFileReference; lastKnownFileType = "compiled.mach-o.dylib"; name = "libMagnum-d.dylib"; path = "../../../thirdparty/magnum/src/Magnum/Debug/libMagnum-d.dylib"; sourceTree = "<group>"; };
		BD2EF08321CF6B5F00AC9510 /* libMagnumGL-d.dylib */ = {isa = PBXFileReference; lastKnownFileType = "compiled.mach-o.dylib"; name = "libMagnumGL-d.dylib"; path = "../../../thirdparty/magnum/src/Magnum/GL/Debug/libMagnumGL-d.dylib"; sourceTree = "<group>"; };
		BD2EF08521CF6BB500AC9510 /* libMagnumSdl2Application-d.a */ = {isa = PBXFileReference; lastKnownFileType = archive.ar; name = "libMagnumSdl2Application-d.a"; path = "../../../../Thirdparty/magnum-bootstrap-base/build/magnum/src/Magnum/Platform/Debug/libMagnumSdl2Application-d.a"; sourceTree = "<group>"; };
/* End PBXFileReference section */

/* Begin PBXFrameworksBuildPhase section */
		BD2EF03521CF3A5000AC9510 /* Frameworks */ = {
			isa = PBXFrameworksBuildPhase;
			buildActionMask = 2147483647;
			files = (
				BD2EF08221CF6B4C00AC9510 /* libMagnum-d.dylib in Frameworks */,
				BD2EF08621CF6BB500AC9510 /* libMagnumSdl2Application-d.a in Frameworks */,
				BD2EF08021CF6B2100AC9510 /* libCorradeUtility-d.dylib in Frameworks */,
				BD2EF08421CF6B5F00AC9510 /* libMagnumGL-d.dylib in Frameworks */,
			);
			runOnlyForDeploymentPostprocessing = 0;
		};
/* End PBXFrameworksBuildPhase section */

/* Begin PBXGroup section */
		BD2EF02F21CF3A5000AC9510 = {
			isa = PBXGroup;
			children = (
				BD2EF07621CF3B4F00AC9510 /* main.cpp */,
				BD2EF03921CF3A5000AC9510 /* Products */,
				BD2EF07F21CF6B2100AC9510 /* libCorradeUtility-d.dylib */,
				BD2EF08121CF6B4C00AC9510 /* libMagnum-d.dylib */,
				BD2EF08321CF6B5F00AC9510 /* libMagnumGL-d.dylib */,
				BD2EF08521CF6BB500AC9510 /* libMagnumSdl2Application-d.a */,
			);
			sourceTree = "<group>";
		};
		BD2EF03921CF3A5000AC9510 /* Products */ = {
			isa = PBXGroup;
			children = (
				BD2EF03821CF3A5000AC9510 /* TapSample */,
			);
			name = Products;
			sourceTree = "<group>";
		};
/* End PBXGroup section */

/* Begin PBXNativeTarget section */
		BD2EF03721CF3A5000AC9510 /* TapSample */ = {
			isa = PBXNativeTarget;
			buildConfigurationList = BD2EF03F21CF3A5000AC9510 /* Build configuration list for PBXNativeTarget "TapSample" */;
			buildPhases = (
				BD2EF03421CF3A5000AC9510 /* Sources */,
				BD2EF03521CF3A5000AC9510 /* Frameworks */,
				BD2EF03621CF3A5000AC9510 /* CopyFiles */,
			);
			buildRules = (
			);
			dependencies = (
			);
			name = TapSample;
			productName = TapSample;
			productReference = BD2EF03821CF3A5000AC9510 /* TapSample */;
			productType = "com.apple.product-type.tool";
		};
/* End PBXNativeTarget section */

/* Begin PBXProject section */
		BD2EF03021CF3A5000AC9510 /* Project object */ = {
			isa = PBXProject;
			attributes = {
				LastUpgradeCheck = 1010;
				ORGANIZATIONNAME = "Ruochen Hua";
				TargetAttributes = {
					BD2EF03721CF3A5000AC9510 = {
						CreatedOnToolsVersion = 10.1;
					};
				};
			};
			buildConfigurationList = BD2EF03321CF3A5000AC9510 /* Build configuration list for PBXProject "TapSample" */;
			compatibilityVersion = "Xcode 9.3";
			developmentRegion = en;
			hasScannedForEncodings = 0;
			knownRegions = (
				en,
			);
			mainGroup = BD2EF02F21CF3A5000AC9510;
			productRefGroup = BD2EF03921CF3A5000AC9510 /* Products */;
			projectDirPath = "";
			projectRoot = "";
			targets = (
				BD2EF03721CF3A5000AC9510 /* TapSample */,
			);
		};
/* End PBXProject section */

/* Begin PBXSourcesBuildPhase section */
		BD2EF03421CF3A5000AC9510 /* Sources */ = {
			isa = PBXSourcesBuildPhase;
			buildActionMask = 2147483647;
			files = (
				BD2EF07721CF3B4F00AC9510 /* main.cpp in Sources */,
			);
			runOnlyForDeploymentPostprocessing = 0;
		};
/* End PBXSourcesBuildPhase section */

/* Begin XCBuildConfiguration section */
		BD2EF03D21CF3A5000AC9510 /* Debug */ = {
			isa = XCBuildConfiguration;
			buildSettings = {
				ALWAYS_SEARCH_USER_PATHS = NO;
				CLANG_ANALYZER_NONNULL = YES;
				CLANG_ANALYZER_NUMBER_OBJECT_CONVERSION = YES_AGGRESSIVE;
				CLANG_CXX_LANGUAGE_STANDARD = "gnu++14";
				CLANG_CXX_LIBRARY = "libc++";
				CLANG_ENABLE_MODULES = YES;
				CLANG_ENABLE_OBJC_ARC = YES;
				CLANG_ENABLE_OBJC_WEAK = YES;
				CLANG_WARN_BLOCK_CAPTURE_AUTORELEASING = YES;
				CLANG_WARN_BOOL_CONVERSION = YES;
				CLANG_WARN_COMMA = YES;
				CLANG_WARN_CONSTANT_CONVERSION = YES;
				CLANG_WARN_DEPRECATED_OBJC_IMPLEMENTATIONS = YES;
				CLANG_WARN_DIRECT_OBJC_ISA_USAGE = YES_ERROR;
				CLANG_WARN_DOCUMENTATION_COMMENTS = YES;
				CLANG_WARN_EMPTY_BODY = YES;
				CLANG_WARN_ENUM_CONVERSION = YES;
				CLANG_WARN_INFINITE_RECURSION = YES;
				CLANG_WARN_INT_CONVERSION = YES;
				CLANG_WARN_NON_LITERAL_NULL_CONVERSION = YES;
				CLANG_WARN_OBJC_IMPLICIT_RETAIN_SELF = YES;
				CLANG_WARN_OBJC_LITERAL_CONVERSION = YES;
				CLANG_WARN_OBJC_ROOT_CLASS = YES_ERROR;
				CLANG_WARN_RANGE_LOOP_ANALYSIS = YES;
				CLANG_WARN_STRICT_PROTOTYPES = YES;
				CLANG_WARN_SUSPICIOUS_MOVE = YES;
				CLANG_WARN_UNGUARDED_AVAILABILITY = YES_AGGRESSIVE;
				CLANG_WARN_UNREACHABLE_CODE = YES;
				CLANG_WARN__DUPLICATE_METHOD_MATCH = YES;
				CODE_SIGN_IDENTITY = "Mac Developer";
				COPY_PHASE_STRIP = NO;
				DEBUG_INFORMATION_FORMAT = dwarf;
				ENABLE_STRICT_OBJC_MSGSEND = YES;
				ENABLE_TESTABILITY = YES;
				GCC_C_LANGUAGE_STANDARD = gnu11;
				GCC_DYNAMIC_NO_PIC = NO;
				GCC_NO_COMMON_BLOCKS = YES;
				GCC_OPTIMIZATION_LEVEL = 0;
				GCC_PREPROCESSOR_DEFINITIONS = (
					"DEBUG=1",
					"$(inherited)",
				);
				GCC_WARN_64_TO_32_BIT_CONVERSION = YES;
				GCC_WARN_ABOUT_RETURN_TYPE = YES_ERROR;
				GCC_WARN_UNDECLARED_SELECTOR = YES;
				GCC_WARN_UNINITIALIZED_AUTOS = YES_AGGRESSIVE;
				GCC_WARN_UNUSED_FUNCTION = YES;
				GCC_WARN_UNUSED_VARIABLE = YES;
				MACOSX_DEPLOYMENT_TARGET = 10.14;
				MTL_ENABLE_DEBUG_INFO = INCLUDE_SOURCE;
				MTL_FAST_MATH = YES;
				ONLY_ACTIVE_ARCH = YES;
				SDKROOT = macosx;
				SYSTEM_FRAMEWORK_SEARCH_PATHS = "";
				SYSTEM_HEADER_SEARCH_PATHS = (
					"../../../demo/magnum-bootstrap-base/magnum/src",
					"../../../demo/magnum-bootstrap-base/corrade/src",
					/Library/Frameworks/SDL2.framework/Headers,
				);
				USER_HEADER_SEARCH_PATHS = "";
			};
			name = Debug;
		};
		BD2EF03E21CF3A5000AC9510 /* Release */ = {
			isa = XCBuildConfiguration;
			buildSettings = {
				ALWAYS_SEARCH_USER_PATHS = NO;
				CLANG_ANALYZER_NONNULL = YES;
				CLANG_ANALYZER_NUMBER_OBJECT_CONVERSION = YES_AGGRESSIVE;
				CLANG_CXX_LANGUAGE_STANDARD = "gnu++14";
				CLANG_CXX_LIBRARY = "libc++";
				CLANG_ENABLE_MODULES = YES;
				CLANG_ENABLE_OBJC_ARC = YES;
				CLANG_ENABLE_OBJC_WEAK = YES;
				CLANG_WARN_BLOCK_CAPTURE_AUTORELEASING = YES;
				CLANG_WARN_BOOL_CONVERSION = YES;
				CLANG_WARN_COMMA = YES;
				CLANG_WARN_CONSTANT_CONVERSION = YES;
				CLANG_WARN_DEPRECATED_OBJC_IMPLEMENTATIONS = YES;
				CLANG_WARN_DIRECT_OBJC_ISA_USAGE = YES_ERROR;
				CLANG_WARN_DOCUMENTATION_COMMENTS = YES;
				CLANG_WARN_EMPTY_BODY = YES;
				CLANG_WARN_ENUM_CONVERSION = YES;
				CLANG_WARN_INFINITE_RECURSION = YES;
				CLANG_WARN_INT_CONVERSION = YES;
				CLANG_WARN_NON_LITERAL_NULL_CONVERSION = YES;
				CLANG_WARN_OBJC_IMPLICIT_RETAIN_SELF = YES;
				CLANG_WARN_OBJC_LITERAL_CONVERSION = YES;
				CLANG_WARN_OBJC_ROOT_CLASS = YES_ERROR;
				CLANG_WARN_RANGE_LOOP_ANALYSIS = YES;
				CLANG_WARN_STRICT_PROTOTYPES = YES;
				CLANG_WARN_SUSPICIOUS_MOVE = YES;
				CLANG_WARN_UNGUARDED_AVAILABILITY = YES_AGGRESSIVE;
				CLANG_WARN_UNREACHABLE_CODE = YES;
				CLANG_WARN__DUPLICATE_METHOD_MATCH = YES;
				CODE_SIGN_IDENTITY = "Mac Developer";
				COPY_PHASE_STRIP = NO;
				DEBUG_INFORMATION_FORMAT = "dwarf-with-dsym";
				ENABLE_NS_ASSERTIONS = NO;
				ENABLE_STRICT_OBJC_MSGSEND = YES;
				GCC_C_LANGUAGE_STANDARD = gnu11;
				GCC_NO_COMMON_BLOCKS = YES;
				GCC_WARN_64_TO_32_BIT_CONVERSION = YES;
				GCC_WARN_ABOUT_RETURN_TYPE = YES_ERROR;
				GCC_WARN_UNDECLARED_SELECTOR = YES;
				GCC_WARN_UNINITIALIZED_AUTOS = YES_AGGRESSIVE;
				GCC_WARN_UNUSED_FUNCTION = YES;
				GCC_WARN_UNUSED_VARIABLE = YES;
				MACOSX_DEPLOYMENT_TARGET = 10.14;
				MTL_ENABLE_DEBUG_INFO = NO;
				MTL_FAST_MATH = YES;
				SDKROOT = macosx;
				SYSTEM_FRAMEWORK_SEARCH_PATHS = "";
				SYSTEM_HEADER_SEARCH_PATHS = (
					"../../../demo/magnum-bootstrap-base/magnum/src",
					"../../../demo/magnum-bootstrap-base/corrade/src",
					/Library/Frameworks/SDL2.framework/Headers,
				);
				USER_HEADER_SEARCH_PATHS = "";
			};
			name = Release;
		};
		BD2EF04021CF3A5000AC9510 /* Debug */ = {
			isa = XCBuildConfiguration;
			buildSettings = {
				CODE_SIGN_STYLE = Automatic;
				DEVELOPMENT_TEAM = BQJ4G5WVT8;
				PRODUCT_NAME = "$(TARGET_NAME)";
				SYSTEM_HEADER_SEARCH_PATHS = (
					"../../../demo/magnum-bootstrap-base/magnum/src",
					"../../../demo/magnum-bootstrap-base/corrade/src",
					/Library/Frameworks/SDL2.framework/Headers,
				);
				USER_HEADER_SEARCH_PATHS = "";
			};
			name = Debug;
		};
		BD2EF04121CF3A5000AC9510 /* Release */ = {
			isa = XCBuildConfiguration;
			buildSettings = {
				CODE_SIGN_STYLE = Automatic;
				DEVELOPMENT_TEAM = BQJ4G5WVT8;
				PRODUCT_NAME = "$(TARGET_NAME)";
				SYSTEM_HEADER_SEARCH_PATHS = (
					"../../../demo/magnum-bootstrap-base/magnum/src",
					"../../../demo/magnum-bootstrap-base/corrade/src",
					/Library/Frameworks/SDL2.framework/Headers,
				);
				USER_HEADER_SEARCH_PATHS = "";
			};
			name = Release;
		};
/* End XCBuildConfiguration section */

/* Begin XCConfigurationList section */
		BD2EF03321CF3A5000AC9510 /* Build configuration list for PBXProject "TapSample" */ = {
			isa = XCConfigurationList;
			buildConfigurations = (
				BD2EF03D21CF3A5000AC9510 /* Debug */,
				BD2EF03E21CF3A5000AC9510 /* Release */,
			);
			defaultConfigurationIsVisible = 0;
			defaultConfigurationName = Release;
		};
		BD2EF03F21CF3A5000AC9510 /* Build configuration list for PBXNativeTarget "TapSample" */ = {
			isa = XCConfigurationList;
			buildConfigurations = (
				BD2EF04021CF3A5000AC9510 /* Debug */,
				BD2EF04121CF3A5000AC9510 /* Release */,
			);
			defaultConfigurationIsVisible = 0;
			defaultConfigurationName = Release;
		};
/* End XCConfigurationList section */
	};
	rootObject = BD2EF03021CF3A5000AC9510 /* Project object */;
}
